
Microsoft Visual Studio Solution File, Format Version 12.00
# Visual Studio Version 17
VisualStudioVersion = 17.1.32113.165
MinimumVisualStudioVersion = 10.0.40219.1
Project("{FAE04EC0-301F-11D3-BF4B-00C04F79EFBC}") = "Calculator.Lib", "Calculator.Lib\Calculator.Lib.csproj", "{FB238B0A-E791-456C-AEF3-4B1B775D7173}"
EndProject
Project("{FAE04EC0-301F-11D3-BF4B-00C04F79EFBC}") = "Calculator.ConsoleTestApp", "Calculator.ConsoleTestApp\Calculator.ConsoleTestApp.csproj", "{3BC54672-FCBA-4A56-ADFB-4D430F9FAACA}"
EndProject
Project("{FAE04EC0-301F-11D3-BF4B-00C04F79EFBC}") = "Test.Calculator", "Test.Calculator\Test.Calculator.csproj", "{9937C3D2-CC4B-43F3-A1AD-FAAAEB908E5F}"
EndProject
Global
	GlobalSection(SolutionConfigurationPlatforms) = preSolution
		Debug|Any CPU = Debug|Any CPU
		Release|Any CPU = Release|Any CPU
	EndGlobalSection
	GlobalSection(ProjectConfigurationPlatforms) = postSolution
		{FB238B0A-E791-456C-AEF3-4B1B775D7173}.Debug|Any CPU.ActiveCfg = Debug|Any CPU
		{FB238B0A-E791-456C-AEF3-4B1B775D7173}.Debug|Any CPU.Build.0 = Debug|Any CPU
		{FB238B0A-E791-456C-AEF3-4B1B775D7173}.Release|Any CPU.ActiveCfg = Release|Any CPU
		{FB238B0A-E791-456C-AEF3-4B1B775D7173}.Release|Any CPU.Build.0 = Release|Any CPU
		{3BC54672-FCBA-4A56-ADFB-4D430F9FAACA}.Debug|Any CPU.ActiveCfg = Debug|Any CPU
		{3BC54672-FCBA-4A56-ADFB-4D430F9FAACA}.Debug|Any CPU.Build.0 = Debug|Any CPU
		{3BC54672-FCBA-4A56-ADFB-4D430F9FAACA}.Release|Any CPU.ActiveCfg = Release|Any CPU
		{3BC54672-FCBA-4A56-ADFB-4D430F9FAACA}.Release|Any CPU.Build.0 = Release|Any CPU
		{9937C3D2-CC4B-43F3-A1AD-FAAAEB908E5F}.Debug|Any CPU.ActiveCfg = Debug|Any CPU
		{9937C3D2-CC4B-43F3-A1AD-FAAAEB908E5F}.Debug|Any CPU.Build.0 = Debug|Any CPU
		{9937C3D2-CC4B-43F3-A1AD-FAAAEB908E5F}.Release|Any CPU.ActiveCfg = Release|Any CPU
		{9937C3D2-CC4B-43F3-A1AD-FAAAEB908E5F}.Release|Any CPU.Build.0 = Release|Any CPU
	EndGlobalSection
	GlobalSection(SolutionProperties) = preSolution
		HideSolutionNode = FALSE
	EndGlobalSection
	GlobalSection(ExtensibilityGlobals) = postSolution
		SolutionGuid = {BFD4CFFA-8656-48D9-82C7-FB6A6616759D}
	EndGlobalSection
EndGlobal
